
Microsoft Visual Studio Solution File, Format Version 12.00
# Visual Studio Version 17
VisualStudioVersion = 17.7.34031.279
MinimumVisualStudioVersion = 10.0.40219.1
Project("{FAE04EC0-301F-11D3-BF4B-00C04F79EFBC}") = "Rad301-Mock-Exam-2023-DataModel-s00219975", "Rad301-Mock-Exam-2023-DataModel-s00219975\Rad301-Mock-Exam-2023-DataModel-s00219975.csproj", "{7F5EE153-149A-442F-BA0C-42B6290CBC39}"
EndProject
Project("{FAE04EC0-301F-11D3-BF4B-00C04F79EFBC}") = "Rad301-Mock-Exam-2023-MVC-App-_s00219975", "Rad301-Mock-Exam-2023-MVC-App-_s00219975\Rad301-Mock-Exam-2023-MVC-App-_s00219975.csproj", "{085527C1-9CE4-43ED-A539-E4A2530A4756}"
EndProject
Project("{FAE04EC0-301F-11D3-BF4B-00C04F79EFBC}") = "Rad301-Mock-Exam-2023-Console-App-_s00219975", "Rad301-Mock-Exam-2023-Console-App-_s00219975\Rad301-Mock-Exam-2023-Console-App-_s00219975.csproj", "{68039518-46BB-44CA-9C71-E5BA0D094BB4}"
EndProject
Global
	GlobalSection(SolutionConfigurationPlatforms) = preSolution
		Debug|Any CPU = Debug|Any CPU
		Release|Any CPU = Release|Any CPU
	EndGlobalSection
	GlobalSection(ProjectConfigurationPlatforms) = postSolution
		{7F5EE153-149A-442F-BA0C-42B6290CBC39}.Debug|Any CPU.ActiveCfg = Debug|Any CPU
		{7F5EE153-149A-442F-BA0C-42B6290CBC39}.Debug|Any CPU.Build.0 = Debug|Any CPU
		{7F5EE153-149A-442F-BA0C-42B6290CBC39}.Release|Any CPU.ActiveCfg = Release|Any CPU
		{7F5EE153-149A-442F-BA0C-42B6290CBC39}.Release|Any CPU.Build.0 = Release|Any CPU
		{085527C1-9CE4-43ED-A539-E4A2530A4756}.Debug|Any CPU.ActiveCfg = Debug|Any CPU
		{085527C1-9CE4-43ED-A539-E4A2530A4756}.Debug|Any CPU.Build.0 = Debug|Any CPU
		{085527C1-9CE4-43ED-A539-E4A2530A4756}.Release|Any CPU.ActiveCfg = Release|Any CPU
		{085527C1-9CE4-43ED-A539-E4A2530A4756}.Release|Any CPU.Build.0 = Release|Any CPU
		{68039518-46BB-44CA-9C71-E5BA0D094BB4}.Debug|Any CPU.ActiveCfg = Debug|Any CPU
		{68039518-46BB-44CA-9C71-E5BA0D094BB4}.Debug|Any CPU.Build.0 = Debug|Any CPU
		{68039518-46BB-44CA-9C71-E5BA0D094BB4}.Release|Any CPU.ActiveCfg = Release|Any CPU
		{68039518-46BB-44CA-9C71-E5BA0D094BB4}.Release|Any CPU.Build.0 = Release|Any CPU
	EndGlobalSection
	GlobalSection(SolutionProperties) = preSolution
		HideSolutionNode = FALSE
	EndGlobalSection
	GlobalSection(ExtensibilityGlobals) = postSolution
		SolutionGuid = {CCB0884A-6C69-44CA-B558-90802273367E}
	EndGlobalSection
EndGlobal
